// !$*UTF8*$!
{
	archiveVersion = 1;
	classes = {
	};
	objectVersion = 77;
	objects = {

/* Begin PBXBuildFile section */
		0186636D89675C58773F6C28 /* Config.swift in Sources */ = {isa = PBXBuildFile; fileRef = 2907338CD14E74A6B746DCE5 /* Config.swift */; };
		06167CC427F2B25DF70886DD /* User.swift in Sources */ = {isa = PBXBuildFile; fileRef = 409B1B0086998973C961ACA5 /* User.swift */; };
		0B4B83B0643EFBEDBAFD1664 /* VitalsView.swift in Sources */ = {isa = PBXBuildFile; fileRef = 30F352CC913B783D07744F22 /* VitalsView.swift */; };
		13E269FCE2928D3F335B7FA4 /* NotificationManager.swift in Sources */ = {isa = PBXBuildFile; fileRef = 81141BABC543D8B9F2BEC228 /* NotificationManager.swift */; };
		20D83AABB9F83585D48C859D /* LoginView.swift in Sources */ = {isa = PBXBuildFile; fileRef = 345E7093D575BCEE8152BD84 /* LoginView.swift */; };
		20E3B95AC416DF0188FBD065 /* KeyInsightsView.swift in Sources */ = {isa = PBXBuildFile; fileRef = F4CF4D53DFC73FEDA7DCD410 /* KeyInsightsView.swift */; };
		236A8355E9071FD7E76F451C /* GradientHeader.swift in Sources */ = {isa = PBXBuildFile; fileRef = 533FEEB8D234F656E311ED9B /* GradientHeader.swift */; };
		243826AE0ED7EFC64BB7106A /* Assets.xcassets in Resources */ = {isa = PBXBuildFile; fileRef = 4BFD9BE44C3C5A6D1BAEB327 /* Assets.xcassets */; };
		27053781C4B1076B6DD91000 /* DNAView.swift in Sources */ = {isa = PBXBuildFile; fileRef = 0A48BB1A47BA28ECE5DFD42B /* DNAView.swift */; };
		366B900F2D4BE66CA4002B56 /* HealthStatusTile.swift in Sources */ = {isa = PBXBuildFile; fileRef = 57FBCC90FAD1DFAE12CCDC6F /* HealthStatusTile.swift */; };
		37B15AFA2D61A60CC8288A8D /* Color+DrJudah.swift in Sources */ = {isa = PBXBuildFile; fileRef = 5418974094A02ECFF191EA4A /* Color+DrJudah.swift */; };
		3AEEA87114BEFF13037B8D7C /* DataTypeRow.swift in Sources */ = {isa = PBXBuildFile; fileRef = 1AF3BF9866CF0A4297D423D0 /* DataTypeRow.swift */; };
		3E3024B7130C4C6FC69B33FE /* SleepView.swift in Sources */ = {isa = PBXBuildFile; fileRef = A5E9A905F5FD962C2FCA22AF /* SleepView.swift */; };
		4018F15162BC4EA38530F8A0 /* ChatMessage.swift in Sources */ = {isa = PBXBuildFile; fileRef = 890978350803D2152B07784B /* ChatMessage.swift */; };
		435FB9A8C4E7F60A71F5EE3B /* OmronCSVImporter.swift in Sources */ = {isa = PBXBuildFile; fileRef = 5F6533F487C69A97C66C0C27 /* OmronCSVImporter.swift */; };
		48C72DC55F57C0D0D7D29DAF /* AskJudahView.swift in Sources */ = {isa = PBXBuildFile; fileRef = 79527D6B7BAED30C4790CDED /* AskJudahView.swift */; };
		510847221A66A9B7068886B8 /* Supabase in Frameworks */ = {isa = PBXBuildFile; productRef = 6B663E1024DA8E0A957E8C1E /* Supabase */; };
		52D0B33D4AFEC2984B440F32 /* ImagingView.swift in Sources */ = {isa = PBXBuildFile; fileRef = F2BE46F6E12A8FC994D7D4CE /* ImagingView.swift */; };
		5320DE80951B6F6A1EEBF7AF /* SupabaseManager.swift in Sources */ = {isa = PBXBuildFile; fileRef = 262B142EA1781E17A2CDD243 /* SupabaseManager.swift */; };
		5FAE72A8824B759423C58F5A /* HealthData.swift in Sources */ = {isa = PBXBuildFile; fileRef = FA235ED02F26D27F7C89B125 /* HealthData.swift */; };
		5FC3CD2436A17DBB3B92B0DA /* SupplementsView.swift in Sources */ = {isa = PBXBuildFile; fileRef = 550B6ED4C9F84D7378022F19 /* SupplementsView.swift */; };
		6BF6963756C64B977545350F /* VitalCard.swift in Sources */ = {isa = PBXBuildFile; fileRef = 8D3B6DA1BF5EE467682B1135 /* VitalCard.swift */; };
		6F12F409C4A53372ADA8CDA7 /* MessageBubble.swift in Sources */ = {isa = PBXBuildFile; fileRef = AA1EC5F52B4A58B201C39443 /* MessageBubble.swift */; };
		724D842CBC1858CB98A4AAA7 /* HomeView.swift in Sources */ = {isa = PBXBuildFile; fileRef = B72EE7FD792D2FDA8A33A32E /* HomeView.swift */; };
		76E1175ADB0D1CADE9EC391D /* TrendChartView.swift in Sources */ = {isa = PBXBuildFile; fileRef = CD40F4EA97C12CE0002DC28C /* TrendChartView.swift */; };
		77E4D15904E8AF372EB60FF0 /* SyncView.swift in Sources */ = {isa = PBXBuildFile; fileRef = 5CAAFF0F8E8EEF66EFCD2778 /* SyncView.swift */; };
		79EB782CABD74B9B5886D48A /* HealthScoreView.swift in Sources */ = {isa = PBXBuildFile; fileRef = 5F14BB840538CC2BFBE194A6 /* HealthScoreView.swift */; };
		812CC299CB2AF28E47F842E1 /* WorkoutCard.swift in Sources */ = {isa = PBXBuildFile; fileRef = 1AD2CE5670386D097B20B0EE /* WorkoutCard.swift */; };
		83CE0EF5C324E658A3692CD0 /* AuthManager.swift in Sources */ = {isa = PBXBuildFile; fileRef = 21F167B5BAFEA59F089440A4 /* AuthManager.swift */; };
		A5F7F734AA294A0A6497E4A5 /* MedicationsView.swift in Sources */ = {isa = PBXBuildFile; fileRef = 0CE90490233B62E3BF532EFC /* MedicationsView.swift */; };
		A8D416D700B97372B9A81854 /* DashboardView.swift in Sources */ = {isa = PBXBuildFile; fileRef = 54C418F8CFA1F7921D431609 /* DashboardView.swift */; };
		B525BF4977F9C9853D55969F /* DrJudahApp.swift in Sources */ = {isa = PBXBuildFile; fileRef = C891AC44740279E7AADE8CF8 /* DrJudahApp.swift */; };
		B8A1CE9C47DCC528F49908B8 /* InsightCard.swift in Sources */ = {isa = PBXBuildFile; fileRef = 21B87BF8CE2E806483202065 /* InsightCard.swift */; };
		BC966B8D1DFAA9B41230D997 /* Date+Formatting.swift in Sources */ = {isa = PBXBuildFile; fileRef = ED9E638D951B1F552EEE54FF /* Date+Formatting.swift */; };
		C1C0764B8DE549D9974ECBB8 /* ExecutiveSummaryView.swift in Sources */ = {isa = PBXBuildFile; fileRef = B89BCF0227FBBB8C55AFE809 /* ExecutiveSummaryView.swift */; };
		C690F1172A93FE409B191CA9 /* WebViewSheet.swift in Sources */ = {isa = PBXBuildFile; fileRef = E6407520D8FE806DF58FD01E /* WebViewSheet.swift */; };
		CE2D3FFEAC2EE3A7E75EEDA3 /* HKQuantityType+Name.swift in Sources */ = {isa = PBXBuildFile; fileRef = 5E4F7A9774DAF05E7A184DF4 /* HKQuantityType+Name.swift */; };
		CE608D1CA27BF8B89F8A1D37 /* LabsView.swift in Sources */ = {isa = PBXBuildFile; fileRef = 00A91A81FD9F6A94F1650873 /* LabsView.swift */; };
		CE7B562F25312923FFC18618 /* ContentView.swift in Sources */ = {isa = PBXBuildFile; fileRef = 9EACDAC597514396D73D9240 /* ContentView.swift */; };
		CF34C9E2E26AC4CBCB958019 /* BackgroundSyncManager.swift in Sources */ = {isa = PBXBuildFile; fileRef = 697F1AD3BD569680533770D0 /* BackgroundSyncManager.swift */; };
		D2ADA1F3FEEB4FDECAAB2BE3 /* SignalCard.swift in Sources */ = {isa = PBXBuildFile; fileRef = C155E28F7E0DEA65B505181C /* SignalCard.swift */; };
		D411E26DF998955D96A0D698 /* MoreView.swift in Sources */ = {isa = PBXBuildFile; fileRef = 0E808964D6C508C0291802D0 /* MoreView.swift */; };
		D42C385324593BB0731F80B3 /* InsightsView.swift in Sources */ = {isa = PBXBuildFile; fileRef = 3132BC6BC51AAF244E2DA619 /* InsightsView.swift */; };
		DF77254EF8B1DB6083FF1E0D /* APIManager.swift in Sources */ = {isa = PBXBuildFile; fileRef = 66271FCE601AE56A37855F14 /* APIManager.swift */; };
		EC681B83C85BE00F7C503DFB /* RecommendationCard.swift in Sources */ = {isa = PBXBuildFile; fileRef = 054FE5FF8F2BED6D0845E83B /* RecommendationCard.swift */; };
		F1A638108BF9E1DF044F47E2 /* DashboardData.swift in Sources */ = {isa = PBXBuildFile; fileRef = 4C900D1DA534CC8153CE2E30 /* DashboardData.swift */; };
		F34DE60E083EF8CCA1541D1F /* ScreeningsView.swift in Sources */ = {isa = PBXBuildFile; fileRef = 6060782D94DD4E1A2C702596 /* ScreeningsView.swift */; };
		F38FBC8A86332D4B6FBB987D /* LoadingView.swift in Sources */ = {isa = PBXBuildFile; fileRef = 5BE177E954201192C0140EBA /* LoadingView.swift */; };
		FE253F8F7668B097A5B31F3D /* HealthKitManager.swift in Sources */ = {isa = PBXBuildFile; fileRef = 54F63EF8AC9D2C0D6620EDCF /* HealthKitManager.swift */; };
/* End PBXBuildFile section */

/* Begin PBXFileReference section */
		00A91A81FD9F6A94F1650873 /* LabsView.swift */ = {isa = PBXFileReference; lastKnownFileType = sourcecode.swift; path = LabsView.swift; sourceTree = "<group>"; };
		054FE5FF8F2BED6D0845E83B /* RecommendationCard.swift */ = {isa = PBXFileReference; lastKnownFileType = sourcecode.swift; path = RecommendationCard.swift; sourceTree = "<group>"; };
		075DE014B94E29EAB57239F2 /* DrJudah.app */ = {isa = PBXFileReference; includeInIndex = 0; lastKnownFileType = wrapper.application; path = DrJudah.app; sourceTree = BUILT_PRODUCTS_DIR; };
		0A48BB1A47BA28ECE5DFD42B /* DNAView.swift */ = {isa = PBXFileReference; lastKnownFileType = sourcecode.swift; path = DNAView.swift; sourceTree = "<group>"; };
		0CE90490233B62E3BF532EFC /* MedicationsView.swift */ = {isa = PBXFileReference; lastKnownFileType = sourcecode.swift; path = MedicationsView.swift; sourceTree = "<group>"; };
		0E808964D6C508C0291802D0 /* MoreView.swift */ = {isa = PBXFileReference; lastKnownFileType = sourcecode.swift; path = MoreView.swift; sourceTree = "<group>"; };
		1AD2CE5670386D097B20B0EE /* WorkoutCard.swift */ = {isa = PBXFileReference; lastKnownFileType = sourcecode.swift; path = WorkoutCard.swift; sourceTree = "<group>"; };
		1AF3BF9866CF0A4297D423D0 /* DataTypeRow.swift */ = {isa = PBXFileReference; lastKnownFileType = sourcecode.swift; path = DataTypeRow.swift; sourceTree = "<group>"; };
		21B87BF8CE2E806483202065 /* InsightCard.swift */ = {isa = PBXFileReference; lastKnownFileType = sourcecode.swift; path = InsightCard.swift; sourceTree = "<group>"; };
		21F167B5BAFEA59F089440A4 /* AuthManager.swift */ = {isa = PBXFileReference; lastKnownFileType = sourcecode.swift; path = AuthManager.swift; sourceTree = "<group>"; };
		262B142EA1781E17A2CDD243 /* SupabaseManager.swift */ = {isa = PBXFileReference; lastKnownFileType = sourcecode.swift; path = SupabaseManager.swift; sourceTree = "<group>"; };
		2907338CD14E74A6B746DCE5 /* Config.swift */ = {isa = PBXFileReference; lastKnownFileType = sourcecode.swift; path = Config.swift; sourceTree = "<group>"; };
		30533B86C20A07D046491DE8 /* Info.plist */ = {isa = PBXFileReference; lastKnownFileType = text.plist; path = Info.plist; sourceTree = "<group>"; };
		30F352CC913B783D07744F22 /* VitalsView.swift */ = {isa = PBXFileReference; lastKnownFileType = sourcecode.swift; path = VitalsView.swift; sourceTree = "<group>"; };
		3132BC6BC51AAF244E2DA619 /* InsightsView.swift */ = {isa = PBXFileReference; lastKnownFileType = sourcecode.swift; path = InsightsView.swift; sourceTree = "<group>"; };
		345E7093D575BCEE8152BD84 /* LoginView.swift */ = {isa = PBXFileReference; lastKnownFileType = sourcecode.swift; path = LoginView.swift; sourceTree = "<group>"; };
		409B1B0086998973C961ACA5 /* User.swift */ = {isa = PBXFileReference; lastKnownFileType = sourcecode.swift; path = User.swift; sourceTree = "<group>"; };
		4BFD9BE44C3C5A6D1BAEB327 /* Assets.xcassets */ = {isa = PBXFileReference; lastKnownFileType = folder.assetcatalog; path = Assets.xcassets; sourceTree = "<group>"; };
		4C900D1DA534CC8153CE2E30 /* DashboardData.swift */ = {isa = PBXFileReference; lastKnownFileType = sourcecode.swift; path = DashboardData.swift; sourceTree = "<group>"; };
		533FEEB8D234F656E311ED9B /* GradientHeader.swift */ = {isa = PBXFileReference; lastKnownFileType = sourcecode.swift; path = GradientHeader.swift; sourceTree = "<group>"; };
		5418974094A02ECFF191EA4A /* Color+DrJudah.swift */ = {isa = PBXFileReference; lastKnownFileType = sourcecode.swift; path = "Color+DrJudah.swift"; sourceTree = "<group>"; };
		54C418F8CFA1F7921D431609 /* DashboardView.swift */ = {isa = PBXFileReference; lastKnownFileType = sourcecode.swift; path = DashboardView.swift; sourceTree = "<group>"; };
		54F63EF8AC9D2C0D6620EDCF /* HealthKitManager.swift */ = {isa = PBXFileReference; lastKnownFileType = sourcecode.swift; path = HealthKitManager.swift; sourceTree = "<group>"; };
		550B6ED4C9F84D7378022F19 /* SupplementsView.swift */ = {isa = PBXFileReference; lastKnownFileType = sourcecode.swift; path = SupplementsView.swift; sourceTree = "<group>"; };
		57FBCC90FAD1DFAE12CCDC6F /* HealthStatusTile.swift */ = {isa = PBXFileReference; lastKnownFileType = sourcecode.swift; path = HealthStatusTile.swift; sourceTree = "<group>"; };
		5BE177E954201192C0140EBA /* LoadingView.swift */ = {isa = PBXFileReference; lastKnownFileType = sourcecode.swift; path = LoadingView.swift; sourceTree = "<group>"; };
		5CAAFF0F8E8EEF66EFCD2778 /* SyncView.swift */ = {isa = PBXFileReference; lastKnownFileType = sourcecode.swift; path = SyncView.swift; sourceTree = "<group>"; };
		5E4F7A9774DAF05E7A184DF4 /* HKQuantityType+Name.swift */ = {isa = PBXFileReference; lastKnownFileType = sourcecode.swift; path = "HKQuantityType+Name.swift"; sourceTree = "<group>"; };
		5F14BB840538CC2BFBE194A6 /* HealthScoreView.swift */ = {isa = PBXFileReference; lastKnownFileType = sourcecode.swift; path = HealthScoreView.swift; sourceTree = "<group>"; };
		5F6533F487C69A97C66C0C27 /* OmronCSVImporter.swift */ = {isa = PBXFileReference; lastKnownFileType = sourcecode.swift; path = OmronCSVImporter.swift; sourceTree = "<group>"; };
		6060782D94DD4E1A2C702596 /* ScreeningsView.swift */ = {isa = PBXFileReference; lastKnownFileType = sourcecode.swift; path = ScreeningsView.swift; sourceTree = "<group>"; };
		66271FCE601AE56A37855F14 /* APIManager.swift */ = {isa = PBXFileReference; lastKnownFileType = sourcecode.swift; path = APIManager.swift; sourceTree = "<group>"; };
		697F1AD3BD569680533770D0 /* BackgroundSyncManager.swift */ = {isa = PBXFileReference; lastKnownFileType = sourcecode.swift; path = BackgroundSyncManager.swift; sourceTree = "<group>"; };
		77D71084E4E169E2A423D124 /* DrJudah.entitlements */ = {isa = PBXFileReference; lastKnownFileType = text.plist.entitlements; path = DrJudah.entitlements; sourceTree = "<group>"; };
		79527D6B7BAED30C4790CDED /* AskJudahView.swift */ = {isa = PBXFileReference; lastKnownFileType = sourcecode.swift; path = AskJudahView.swift; sourceTree = "<group>"; };
		81141BABC543D8B9F2BEC228 /* NotificationManager.swift */ = {isa = PBXFileReference; lastKnownFileType = sourcecode.swift; path = NotificationManager.swift; sourceTree = "<group>"; };
		890978350803D2152B07784B /* ChatMessage.swift */ = {isa = PBXFileReference; lastKnownFileType = sourcecode.swift; path = ChatMessage.swift; sourceTree = "<group>"; };
		8D3B6DA1BF5EE467682B1135 /* VitalCard.swift */ = {isa = PBXFileReference; lastKnownFileType = sourcecode.swift; path = VitalCard.swift; sourceTree = "<group>"; };
		9EACDAC597514396D73D9240 /* ContentView.swift */ = {isa = PBXFileReference; lastKnownFileType = sourcecode.swift; path = ContentView.swift; sourceTree = "<group>"; };
		A5E9A905F5FD962C2FCA22AF /* SleepView.swift */ = {isa = PBXFileReference; lastKnownFileType = sourcecode.swift; path = SleepView.swift; sourceTree = "<group>"; };
		AA1EC5F52B4A58B201C39443 /* MessageBubble.swift */ = {isa = PBXFileReference; lastKnownFileType = sourcecode.swift; path = MessageBubble.swift; sourceTree = "<group>"; };
		B72EE7FD792D2FDA8A33A32E /* HomeView.swift */ = {isa = PBXFileReference; lastKnownFileType = sourcecode.swift; path = HomeView.swift; sourceTree = "<group>"; };
		B89BCF0227FBBB8C55AFE809 /* ExecutiveSummaryView.swift */ = {isa = PBXFileReference; lastKnownFileType = sourcecode.swift; path = ExecutiveSummaryView.swift; sourceTree = "<group>"; };
		C155E28F7E0DEA65B505181C /* SignalCard.swift */ = {isa = PBXFileReference; lastKnownFileType = sourcecode.swift; path = SignalCard.swift; sourceTree = "<group>"; };
		C891AC44740279E7AADE8CF8 /* DrJudahApp.swift */ = {isa = PBXFileReference; lastKnownFileType = sourcecode.swift; path = DrJudahApp.swift; sourceTree = "<group>"; };
		CD40F4EA97C12CE0002DC28C /* TrendChartView.swift */ = {isa = PBXFileReference; lastKnownFileType = sourcecode.swift; path = TrendChartView.swift; sourceTree = "<group>"; };
		E6407520D8FE806DF58FD01E /* WebViewSheet.swift */ = {isa = PBXFileReference; lastKnownFileType = sourcecode.swift; path = WebViewSheet.swift; sourceTree = "<group>"; };
		ED9E638D951B1F552EEE54FF /* Date+Formatting.swift */ = {isa = PBXFileReference; lastKnownFileType = sourcecode.swift; path = "Date+Formatting.swift"; sourceTree = "<group>"; };
		F2BE46F6E12A8FC994D7D4CE /* ImagingView.swift */ = {isa = PBXFileReference; lastKnownFileType = sourcecode.swift; path = ImagingView.swift; sourceTree = "<group>"; };
		F4CF4D53DFC73FEDA7DCD410 /* KeyInsightsView.swift */ = {isa = PBXFileReference; lastKnownFileType = sourcecode.swift; path = KeyInsightsView.swift; sourceTree = "<group>"; };
		FA235ED02F26D27F7C89B125 /* HealthData.swift */ = {isa = PBXFileReference; lastKnownFileType = sourcecode.swift; path = HealthData.swift; sourceTree = "<group>"; };
/* End PBXFileReference section */

/* Begin PBXFrameworksBuildPhase section */
		3ED6C2D88EB805575935BB02 /* Frameworks */ = {
			isa = PBXFrameworksBuildPhase;
			buildActionMask = 2147483647;
			files = (
				510847221A66A9B7068886B8 /* Supabase in Frameworks */,
			);
			runOnlyForDeploymentPostprocessing = 0;
		};
/* End PBXFrameworksBuildPhase section */

/* Begin PBXGroup section */
		0CAC0FDC961D2550C830AD83 /* Insights */ = {
			isa = PBXGroup;
			children = (
				21B87BF8CE2E806483202065 /* InsightCard.swift */,
				3132BC6BC51AAF244E2DA619 /* InsightsView.swift */,
				054FE5FF8F2BED6D0845E83B /* RecommendationCard.swift */,
			);
			path = Insights;
			sourceTree = "<group>";
		};
		237DDECC597EF8D9C83E8404 /* Dashboard */ = {
			isa = PBXGroup;
			children = (
				54C418F8CFA1F7921D431609 /* DashboardView.swift */,
				B89BCF0227FBBB8C55AFE809 /* ExecutiveSummaryView.swift */,
				57FBCC90FAD1DFAE12CCDC6F /* HealthStatusTile.swift */,
				F4CF4D53DFC73FEDA7DCD410 /* KeyInsightsView.swift */,
				C155E28F7E0DEA65B505181C /* SignalCard.swift */,
				CD40F4EA97C12CE0002DC28C /* TrendChartView.swift */,
			);
			path = Dashboard;
			sourceTree = "<group>";
		};
		23F12A488E5A69F1C7023096 /* Sync */ = {
			isa = PBXGroup;
			children = (
				1AF3BF9866CF0A4297D423D0 /* DataTypeRow.swift */,
				5CAAFF0F8E8EEF66EFCD2778 /* SyncView.swift */,
			);
			path = Sync;
			sourceTree = "<group>";
		};
		36C686F9A8613E1927CB7BEA /* AskJudah */ = {
			isa = PBXGroup;
			children = (
				79527D6B7BAED30C4790CDED /* AskJudahView.swift */,
				AA1EC5F52B4A58B201C39443 /* MessageBubble.swift */,
			);
			path = AskJudah;
			sourceTree = "<group>";
		};
		59A0C4B068EDEC65844468E1 /* Products */ = {
			isa = PBXGroup;
			children = (
				075DE014B94E29EAB57239F2 /* DrJudah.app */,
			);
			name = Products;
			sourceTree = "<group>";
		};
		9AC956F42B94DCFC118E0557 /* Extensions */ = {
			isa = PBXGroup;
			children = (
				5418974094A02ECFF191EA4A /* Color+DrJudah.swift */,
				ED9E638D951B1F552EEE54FF /* Date+Formatting.swift */,
				5E4F7A9774DAF05E7A184DF4 /* HKQuantityType+Name.swift */,
			);
			path = Extensions;
			sourceTree = "<group>";
		};
		B2AD403DED45A80514AC9C20 /* Home */ = {
			isa = PBXGroup;
			children = (
				5F14BB840538CC2BFBE194A6 /* HealthScoreView.swift */,
				B72EE7FD792D2FDA8A33A32E /* HomeView.swift */,
				8D3B6DA1BF5EE467682B1135 /* VitalCard.swift */,
				1AD2CE5670386D097B20B0EE /* WorkoutCard.swift */,
			);
			path = Home;
			sourceTree = "<group>";
		};
		B2F1656C18A7334C85491A98 = {
			isa = PBXGroup;
			children = (
				F2B24BC92B33E0360AA64907 /* DrJudah */,
				59A0C4B068EDEC65844468E1 /* Products */,
			);
			sourceTree = "<group>";
		};
		B45054413D37E647DBA7CCB7 /* Vitals */ = {
			isa = PBXGroup;
			children = (
				30F352CC913B783D07744F22 /* VitalsView.swift */,
			);
			path = Vitals;
			sourceTree = "<group>";
		};
		B7FBFD36F070D805FEEAFAEE /* Services */ = {
			isa = PBXGroup;
			children = (
				66271FCE601AE56A37855F14 /* APIManager.swift */,
				21F167B5BAFEA59F089440A4 /* AuthManager.swift */,
				697F1AD3BD569680533770D0 /* BackgroundSyncManager.swift */,
				54F63EF8AC9D2C0D6620EDCF /* HealthKitManager.swift */,
				81141BABC543D8B9F2BEC228 /* NotificationManager.swift */,
				5F6533F487C69A97C66C0C27 /* OmronCSVImporter.swift */,
				262B142EA1781E17A2CDD243 /* SupabaseManager.swift */,
			);
			path = Services;
			sourceTree = "<group>";
		};
		C26DB70D09119DFED05560A8 /* Models */ = {
			isa = PBXGroup;
			children = (
				890978350803D2152B07784B /* ChatMessage.swift */,
				4C900D1DA534CC8153CE2E30 /* DashboardData.swift */,
				FA235ED02F26D27F7C89B125 /* HealthData.swift */,
				409B1B0086998973C961ACA5 /* User.swift */,
			);
			path = Models;
			sourceTree = "<group>";
		};
		C45310A4006878695A5F355F /* Views */ = {
			isa = PBXGroup;
			children = (
				9EACDAC597514396D73D9240 /* ContentView.swift */,
				345E7093D575BCEE8152BD84 /* LoginView.swift */,
				36C686F9A8613E1927CB7BEA /* AskJudah */,
				CDAC72C7BACE3AC7EE7400CC /* Components */,
				237DDECC597EF8D9C83E8404 /* Dashboard */,
				B2AD403DED45A80514AC9C20 /* Home */,
				0CAC0FDC961D2550C830AD83 /* Insights */,
				CD62AD2C53407D8EEE31F4D0 /* More */,
				23F12A488E5A69F1C7023096 /* Sync */,
				B45054413D37E647DBA7CCB7 /* Vitals */,
			);
			path = Views;
			sourceTree = "<group>";
		};
		CD62AD2C53407D8EEE31F4D0 /* More */ = {
			isa = PBXGroup;
			children = (
				0A48BB1A47BA28ECE5DFD42B /* DNAView.swift */,
				F2BE46F6E12A8FC994D7D4CE /* ImagingView.swift */,
				00A91A81FD9F6A94F1650873 /* LabsView.swift */,
				0CE90490233B62E3BF532EFC /* MedicationsView.swift */,
				0E808964D6C508C0291802D0 /* MoreView.swift */,
				6060782D94DD4E1A2C702596 /* ScreeningsView.swift */,
				A5E9A905F5FD962C2FCA22AF /* SleepView.swift */,
				550B6ED4C9F84D7378022F19 /* SupplementsView.swift */,
				E6407520D8FE806DF58FD01E /* WebViewSheet.swift */,
			);
			path = More;
			sourceTree = "<group>";
		};
		CDAC72C7BACE3AC7EE7400CC /* Components */ = {
			isa = PBXGroup;
			children = (
				533FEEB8D234F656E311ED9B /* GradientHeader.swift */,
				5BE177E954201192C0140EBA /* LoadingView.swift */,
			);
			path = Components;
			sourceTree = "<group>";
		};
		F2B24BC92B33E0360AA64907 /* DrJudah */ = {
			isa = PBXGroup;
			children = (
				4BFD9BE44C3C5A6D1BAEB327 /* Assets.xcassets */,
				2907338CD14E74A6B746DCE5 /* Config.swift */,
				77D71084E4E169E2A423D124 /* DrJudah.entitlements */,
				C891AC44740279E7AADE8CF8 /* DrJudahApp.swift */,
				30533B86C20A07D046491DE8 /* Info.plist */,
				9AC956F42B94DCFC118E0557 /* Extensions */,
				C26DB70D09119DFED05560A8 /* Models */,
				B7FBFD36F070D805FEEAFAEE /* Services */,
				C45310A4006878695A5F355F /* Views */,
			);
			path = DrJudah;
			sourceTree = "<group>";
		};
/* End PBXGroup section */

/* Begin PBXNativeTarget section */
		5A4522BC4BA6976C3E1EBE04 /* DrJudah */ = {
			isa = PBXNativeTarget;
			buildConfigurationList = 921727D45FA58369835423B8 /* Build configuration list for PBXNativeTarget "DrJudah" */;
			buildPhases = (
				4281E473B04F55C4EC55D695 /* Sources */,
				4E9CC5C4DCC1DD4957A4184F /* Resources */,
				3ED6C2D88EB805575935BB02 /* Frameworks */,
			);
			buildRules = (
			);
			dependencies = (
			);
			name = DrJudah;
			packageProductDependencies = (
				6B663E1024DA8E0A957E8C1E /* Supabase */,
			);
			productName = DrJudah;
			productReference = 075DE014B94E29EAB57239F2 /* DrJudah.app */;
			productType = "com.apple.product-type.application";
		};
/* End PBXNativeTarget section */

/* Begin PBXProject section */
		F47CED34614A93F587D9E4D9 /* Project object */ = {
			isa = PBXProject;
			attributes = {
				BuildIndependentTargetsInParallel = YES;
				LastUpgradeCheck = 1600;
				TargetAttributes = {
					5A4522BC4BA6976C3E1EBE04 = {
						DevelopmentTeam = LZPW27UQ3W;
					};
				};
			};
			buildConfigurationList = 8770A554A71D0AD42846D29D /* Build configuration list for PBXProject "DrJudah" */;
			compatibilityVersion = "Xcode 14.0";
			developmentRegion = en;
			hasScannedForEncodings = 0;
			knownRegions = (
				Base,
				en,
			);
			mainGroup = B2F1656C18A7334C85491A98;
			minimizedProjectReferenceProxies = 1;
			packageReferences = (
				2C6FA12B71CA098D42A63E04 /* XCRemoteSwiftPackageReference "supabase-swift" */,
			);
			preferredProjectObjectVersion = 77;
			projectDirPath = "";
			projectRoot = "";
			targets = (
				5A4522BC4BA6976C3E1EBE04 /* DrJudah */,
			);
		};
/* End PBXProject section */

/* Begin PBXResourcesBuildPhase section */
		4E9CC5C4DCC1DD4957A4184F /* Resources */ = {
			isa = PBXResourcesBuildPhase;
			buildActionMask = 2147483647;
			files = (
				243826AE0ED7EFC64BB7106A /* Assets.xcassets in Resources */,
			);
			runOnlyForDeploymentPostprocessing = 0;
		};
/* End PBXResourcesBuildPhase section */

/* Begin PBXSourcesBuildPhase section */
		4281E473B04F55C4EC55D695 /* Sources */ = {
			isa = PBXSourcesBuildPhase;
			buildActionMask = 2147483647;
			files = (
				DF77254EF8B1DB6083FF1E0D /* APIManager.swift in Sources */,
				48C72DC55F57C0D0D7D29DAF /* AskJudahView.swift in Sources */,
				83CE0EF5C324E658A3692CD0 /* AuthManager.swift in Sources */,
				CF34C9E2E26AC4CBCB958019 /* BackgroundSyncManager.swift in Sources */,
				4018F15162BC4EA38530F8A0 /* ChatMessage.swift in Sources */,
				37B15AFA2D61A60CC8288A8D /* Color+DrJudah.swift in Sources */,
				0186636D89675C58773F6C28 /* Config.swift in Sources */,
				CE7B562F25312923FFC18618 /* ContentView.swift in Sources */,
				27053781C4B1076B6DD91000 /* DNAView.swift in Sources */,
				F1A638108BF9E1DF044F47E2 /* DashboardData.swift in Sources */,
				A8D416D700B97372B9A81854 /* DashboardView.swift in Sources */,
				3AEEA87114BEFF13037B8D7C /* DataTypeRow.swift in Sources */,
				BC966B8D1DFAA9B41230D997 /* Date+Formatting.swift in Sources */,
				B525BF4977F9C9853D55969F /* DrJudahApp.swift in Sources */,
				C1C0764B8DE549D9974ECBB8 /* ExecutiveSummaryView.swift in Sources */,
				236A8355E9071FD7E76F451C /* GradientHeader.swift in Sources */,
				CE2D3FFEAC2EE3A7E75EEDA3 /* HKQuantityType+Name.swift in Sources */,
				5FAE72A8824B759423C58F5A /* HealthData.swift in Sources */,
				FE253F8F7668B097A5B31F3D /* HealthKitManager.swift in Sources */,
				79EB782CABD74B9B5886D48A /* HealthScoreView.swift in Sources */,
				366B900F2D4BE66CA4002B56 /* HealthStatusTile.swift in Sources */,
				724D842CBC1858CB98A4AAA7 /* HomeView.swift in Sources */,
				52D0B33D4AFEC2984B440F32 /* ImagingView.swift in Sources */,
				B8A1CE9C47DCC528F49908B8 /* InsightCard.swift in Sources */,
				D42C385324593BB0731F80B3 /* InsightsView.swift in Sources */,
				20E3B95AC416DF0188FBD065 /* KeyInsightsView.swift in Sources */,
				CE608D1CA27BF8B89F8A1D37 /* LabsView.swift in Sources */,
				F38FBC8A86332D4B6FBB987D /* LoadingView.swift in Sources */,
				20D83AABB9F83585D48C859D /* LoginView.swift in Sources */,
				A5F7F734AA294A0A6497E4A5 /* MedicationsView.swift in Sources */,
				6F12F409C4A53372ADA8CDA7 /* MessageBubble.swift in Sources */,
				D411E26DF998955D96A0D698 /* MoreView.swift in Sources */,
				13E269FCE2928D3F335B7FA4 /* NotificationManager.swift in Sources */,
				435FB9A8C4E7F60A71F5EE3B /* OmronCSVImporter.swift in Sources */,
				EC681B83C85BE00F7C503DFB /* RecommendationCard.swift in Sources */,
				F34DE60E083EF8CCA1541D1F /* ScreeningsView.swift in Sources */,
				D2ADA1F3FEEB4FDECAAB2BE3 /* SignalCard.swift in Sources */,
				3E3024B7130C4C6FC69B33FE /* SleepView.swift in Sources */,
				5320DE80951B6F6A1EEBF7AF /* SupabaseManager.swift in Sources */,
				5FC3CD2436A17DBB3B92B0DA /* SupplementsView.swift in Sources */,
				77E4D15904E8AF372EB60FF0 /* SyncView.swift in Sources */,
				76E1175ADB0D1CADE9EC391D /* TrendChartView.swift in Sources */,
				06167CC427F2B25DF70886DD /* User.swift in Sources */,
				6BF6963756C64B977545350F /* VitalCard.swift in Sources */,
				0B4B83B0643EFBEDBAFD1664 /* VitalsView.swift in Sources */,
				C690F1172A93FE409B191CA9 /* WebViewSheet.swift in Sources */,
				812CC299CB2AF28E47F842E1 /* WorkoutCard.swift in Sources */,
			);
			runOnlyForDeploymentPostprocessing = 0;
		};
/* End PBXSourcesBuildPhase section */

/* Begin XCBuildConfiguration section */
		627919B6A08DDC005ADC1098 /* Debug */ = {
			isa = XCBuildConfiguration;
			buildSettings = {
				ASSETCATALOG_COMPILER_APPICON_NAME = AppIcon;
				CODE_SIGN_ENTITLEMENTS = DrJudah/DrJudah.entitlements;
				CODE_SIGN_IDENTITY = "iPhone Developer";
				INFOPLIST_FILE = DrJudah/Info.plist;
				LD_RUNPATH_SEARCH_PATHS = (
					"$(inherited)",
					"@executable_path/Frameworks",
				);
				SDKROOT = iphoneos;
				TARGETED_DEVICE_FAMILY = 1;
			};
			name = Debug;
		};
		9EFA58B7F016E47E61A76BAF /* Release */ = {
			isa = XCBuildConfiguration;
			buildSettings = {
				ASSETCATALOG_COMPILER_APPICON_NAME = AppIcon;
				CODE_SIGN_ENTITLEMENTS = DrJudah/DrJudah.entitlements;
				CODE_SIGN_IDENTITY = "iPhone Developer";
				INFOPLIST_FILE = DrJudah/Info.plist;
				LD_RUNPATH_SEARCH_PATHS = (
					"$(inherited)",
					"@executable_path/Frameworks",
				);
				SDKROOT = iphoneos;
				TARGETED_DEVICE_FAMILY = 1;
			};
			name = Release;
		};
		A9EFD60A9162818D00EF44AE /* Debug */ = {
			isa = XCBuildConfiguration;
			buildSettings = {
				ALWAYS_SEARCH_USER_PATHS = NO;
				CLANG_ANALYZER_NONNULL = YES;
				CLANG_ANALYZER_NUMBER_OBJECT_CONVERSION = YES_AGGRESSIVE;
				CLANG_CXX_LANGUAGE_STANDARD = "gnu++14";
				CLANG_CXX_LIBRARY = "libc++";
				CLANG_ENABLE_MODULES = YES;
				CLANG_ENABLE_OBJC_ARC = YES;
				CLANG_ENABLE_OBJC_WEAK = YES;
				CLANG_WARN_BLOCK_CAPTURE_AUTORELEASING = YES;
				CLANG_WARN_BOOL_CONVERSION = YES;
				CLANG_WARN_COMMA = YES;
				CLANG_WARN_CONSTANT_CONVERSION = YES;
				CLANG_WARN_DEPRECATED_OBJC_IMPLEMENTATIONS = YES;
				CLANG_WARN_DIRECT_OBJC_ISA_USAGE = YES_ERROR;
				CLANG_WARN_DOCUMENTATION_COMMENTS = YES;
				CLANG_WARN_EMPTY_BODY = YES;
				CLANG_WARN_ENUM_CONVERSION = YES;
				CLANG_WARN_INFINITE_RECURSION = YES;
				CLANG_WARN_INT_CONVERSION = YES;
				CLANG_WARN_NON_LITERAL_NULL_CONVERSION = YES;
				CLANG_WARN_OBJC_IMPLICIT_RETAIN_SELF = YES;
				CLANG_WARN_OBJC_LITERAL_CONVERSION = YES;
				CLANG_WARN_OBJC_ROOT_CLASS = YES_ERROR;
				CLANG_WARN_QUOTED_INCLUDE_IN_FRAMEWORK_HEADER = YES;
				CLANG_WARN_RANGE_LOOP_ANALYSIS = YES;
				CLANG_WARN_STRICT_PROTOTYPES = YES;
				CLANG_WARN_SUSPICIOUS_MOVE = YES;
				CLANG_WARN_UNGUARDED_AVAILABILITY = YES_AGGRESSIVE;
				CLANG_WARN_UNREACHABLE_CODE = YES;
				CLANG_WARN__DUPLICATE_METHOD_MATCH = YES;
				COPY_PHASE_STRIP = NO;
				DEBUG_INFORMATION_FORMAT = dwarf;
				DEVELOPMENT_TEAM = LZPW27UQ3W;
				ENABLE_STRICT_OBJC_MSGSEND = YES;
				ENABLE_TESTABILITY = YES;
				GCC_C_LANGUAGE_STANDARD = gnu11;
				GCC_DYNAMIC_NO_PIC = NO;
				GCC_NO_COMMON_BLOCKS = YES;
				GCC_OPTIMIZATION_LEVEL = 0;
				GCC_PREPROCESSOR_DEFINITIONS = (
					"$(inherited)",
					"DEBUG=1",
				);
				GCC_WARN_64_TO_32_BIT_CONVERSION = YES;
				GCC_WARN_ABOUT_RETURN_TYPE = YES_ERROR;
				GCC_WARN_UNDECLARED_SELECTOR = YES;
				GCC_WARN_UNINITIALIZED_AUTOS = YES_AGGRESSIVE;
				GCC_WARN_UNUSED_FUNCTION = YES;
				GCC_WARN_UNUSED_VARIABLE = YES;
				IPHONEOS_DEPLOYMENT_TARGET = 17.0;
				MTL_ENABLE_DEBUG_INFO = INCLUDE_SOURCE;
				MTL_FAST_MATH = YES;
				ONLY_ACTIVE_ARCH = YES;
				PRODUCT_BUNDLE_IDENTIFIER = com.thedruckers.drjudah;
				PRODUCT_NAME = "$(TARGET_NAME)";
				SDKROOT = iphoneos;
				SWIFT_ACTIVE_COMPILATION_CONDITIONS = DEBUG;
				SWIFT_OPTIMIZATION_LEVEL = "-Onone";
				SWIFT_VERSION = 5.9;
			};
			name = Debug;
		};
		FCF843C566A4C7CB7B3CC555 /* Release */ = {
			isa = XCBuildConfiguration;
			buildSettings = {
				ALWAYS_SEARCH_USER_PATHS = NO;
				CLANG_ANALYZER_NONNULL = YES;
				CLANG_ANALYZER_NUMBER_OBJECT_CONVERSION = YES_AGGRESSIVE;
				CLANG_CXX_LANGUAGE_STANDARD = "gnu++14";
				CLANG_CXX_LIBRARY = "libc++";
				CLANG_ENABLE_MODULES = YES;
				CLANG_ENABLE_OBJC_ARC = YES;
				CLANG_ENABLE_OBJC_WEAK = YES;
				CLANG_WARN_BLOCK_CAPTURE_AUTORELEASING = YES;
				CLANG_WARN_BOOL_CONVERSION = YES;
				CLANG_WARN_COMMA = YES;
				CLANG_WARN_CONSTANT_CONVERSION = YES;
				CLANG_WARN_DEPRECATED_OBJC_IMPLEMENTATIONS = YES;
				CLANG_WARN_DIRECT_OBJC_ISA_USAGE = YES_ERROR;
				CLANG_WARN_DOCUMENTATION_COMMENTS = YES;
				CLANG_WARN_EMPTY_BODY = YES;
				CLANG_WARN_ENUM_CONVERSION = YES;
				CLANG_WARN_INFINITE_RECURSION = YES;
				CLANG_WARN_INT_CONVERSION = YES;
				CLANG_WARN_NON_LITERAL_NULL_CONVERSION = YES;
				CLANG_WARN_OBJC_IMPLICIT_RETAIN_SELF = YES;
				CLANG_WARN_OBJC_LITERAL_CONVERSION = YES;
				CLANG_WARN_OBJC_ROOT_CLASS = YES_ERROR;
				CLANG_WARN_QUOTED_INCLUDE_IN_FRAMEWORK_HEADER = YES;
				CLANG_WARN_RANGE_LOOP_ANALYSIS = YES;
				CLANG_WARN_STRICT_PROTOTYPES = YES;
				CLANG_WARN_SUSPICIOUS_MOVE = YES;
				CLANG_WARN_UNGUARDED_AVAILABILITY = YES_AGGRESSIVE;
				CLANG_WARN_UNREACHABLE_CODE = YES;
				CLANG_WARN__DUPLICATE_METHOD_MATCH = YES;
				COPY_PHASE_STRIP = NO;
				DEBUG_INFORMATION_FORMAT = "dwarf-with-dsym";
				DEVELOPMENT_TEAM = LZPW27UQ3W;
				ENABLE_NS_ASSERTIONS = NO;
				ENABLE_STRICT_OBJC_MSGSEND = YES;
				GCC_C_LANGUAGE_STANDARD = gnu11;
				GCC_NO_COMMON_BLOCKS = YES;
				GCC_WARN_64_TO_32_BIT_CONVERSION = YES;
				GCC_WARN_ABOUT_RETURN_TYPE = YES_ERROR;
				GCC_WARN_UNDECLARED_SELECTOR = YES;
				GCC_WARN_UNINITIALIZED_AUTOS = YES_AGGRESSIVE;
				GCC_WARN_UNUSED_FUNCTION = YES;
				GCC_WARN_UNUSED_VARIABLE = YES;
				IPHONEOS_DEPLOYMENT_TARGET = 17.0;
				MTL_ENABLE_DEBUG_INFO = NO;
				MTL_FAST_MATH = YES;
				PRODUCT_BUNDLE_IDENTIFIER = com.thedruckers.drjudah;
				PRODUCT_NAME = "$(TARGET_NAME)";
				SDKROOT = iphoneos;
				SWIFT_COMPILATION_MODE = wholemodule;
				SWIFT_OPTIMIZATION_LEVEL = "-O";
				SWIFT_VERSION = 5.9;
			};
			name = Release;
		};
/* End XCBuildConfiguration section */

/* Begin XCConfigurationList section */
		8770A554A71D0AD42846D29D /* Build configuration list for PBXProject "DrJudah" */ = {
			isa = XCConfigurationList;
			buildConfigurations = (
				A9EFD60A9162818D00EF44AE /* Debug */,
				FCF843C566A4C7CB7B3CC555 /* Release */,
			);
			defaultConfigurationIsVisible = 0;
			defaultConfigurationName = Debug;
		};
		921727D45FA58369835423B8 /* Build configuration list for PBXNativeTarget "DrJudah" */ = {
			isa = XCConfigurationList;
			buildConfigurations = (
				627919B6A08DDC005ADC1098 /* Debug */,
				9EFA58B7F016E47E61A76BAF /* Release */,
			);
			defaultConfigurationIsVisible = 0;
			defaultConfigurationName = Debug;
		};
/* End XCConfigurationList section */

/* Begin XCRemoteSwiftPackageReference section */
		2C6FA12B71CA098D42A63E04 /* XCRemoteSwiftPackageReference "supabase-swift" */ = {
			isa = XCRemoteSwiftPackageReference;
			repositoryURL = "https://github.com/supabase-community/supabase-swift";
			requirement = {
				kind = upToNextMajorVersion;
				minimumVersion = 2.0.0;
			};
		};
/* End XCRemoteSwiftPackageReference section */

/* Begin XCSwiftPackageProductDependency section */
		6B663E1024DA8E0A957E8C1E /* Supabase */ = {
			isa = XCSwiftPackageProductDependency;
			package = 2C6FA12B71CA098D42A63E04 /* XCRemoteSwiftPackageReference "supabase-swift" */;
			productName = Supabase;
		};
/* End XCSwiftPackageProductDependency section */
	};
	rootObject = F47CED34614A93F587D9E4D9 /* Project object */;
}
